
Microsoft Visual Studio Solution File, Format Version 12.00
# Visual Studio Version 17
VisualStudioVersion = 17.5.33530.505
MinimumVisualStudioVersion = 10.0.40219.1
Project("{FAE04EC0-301F-11D3-BF4B-00C04F79EFBC}") = "projApplication", "projApplication\projApplication.csproj", "{8DF2C2F5-0D95-47F1-8F41-78F339A77BFC}"
EndProject
Global
	GlobalSection(SolutionConfigurationPlatforms) = preSolution
		Debug|Any CPU = Debug|Any CPU
		Release|Any CPU = Release|Any CPU
	EndGlobalSection
	GlobalSection(ProjectConfigurationPlatforms) = postSolution
		{8DF2C2F5-0D95-47F1-8F41-78F339A77BFC}.Debug|Any CPU.ActiveCfg = Debug|Any CPU
		{8DF2C2F5-0D95-47F1-8F41-78F339A77BFC}.Debug|Any CPU.Build.0 = Debug|Any CPU
		{8DF2C2F5-0D95-47F1-8F41-78F339A77BFC}.Release|Any CPU.ActiveCfg = Release|Any CPU
		{8DF2C2F5-0D95-47F1-8F41-78F339A77BFC}.Release|Any CPU.Build.0 = Release|Any CPU
	EndGlobalSection
	GlobalSection(SolutionProperties) = preSolution
		HideSolutionNode = FALSE
	EndGlobalSection
	GlobalSection(ExtensibilityGlobals) = postSolution
		SolutionGuid = {5EEA72EC-5EF8-4AAB-A4D6-2730C70C7337}
	EndGlobalSection
EndGlobal
